PODS:
  - FlutterMacOS (1.0.0)
  - multi_store_review (2.0.0):
    - FlutterMacOS

DEPENDENCIES:
  - FlutterMacOS (from `Flutter/ephemeral`)
  - multi_store_review (from `Flutter/ephemeral/.symlinks/plugins/multi_store_review/macos`)

EXTERNAL SOURCES:
  FlutterMacOS:
    :path: Flutter/ephemeral
  multi_store_review:
    :path: Flutter/ephemeral/.symlinks/plugins/multi_store_review/macos

SPEC CHECKSUMS:
  FlutterMacOS: d0db08ddef1a9af05a5ec4b724367152bb0500b1
  multi_store_review: e84a8b9a6ad1cf9f8092627aa2e8888ad7b99ed3

PODFILE CHECKSUM: 54d867c82ac51cbd61b565781b9fada492027009

COCOAPODS: 1.16.2
